
Microsoft Visual Studio Solution File, Format Version 12.00
# Visual Studio Version 17
VisualStudioVersion = 17.5.33414.496
MinimumVisualStudioVersion = 10.0.40219.1
Project("{9A19103F-16F7-4668-BE54-9A1E7A4F7556}") = "WEBAPI", "WEBAPI\WEBAPI.csproj", "{B8C3E3CC-F194-4624-BB3B-7BCB6F8EE61A}"
EndProject
Project("{9A19103F-16F7-4668-BE54-9A1E7A4F7556}") = "MyEpicMVCProj", "MyEpicMVCProj\MyEpicMVCProj.csproj", "{E83515ED-A604-4787-860B-7E614A246068}"
EndProject
Project("{2150E333-8FDC-42A3-9474-1A3956D46DE8}") = "Solution Items", "Solution Items", "{0307CD8A-01C2-42A9-94A6-5EFE029EB818}"
EndProject
Project("{9A19103F-16F7-4668-BE54-9A1E7A4F7556}") = "Common", "Common\Common.csproj", "{CA39816C-6FF1-4F3C-B9A6-8DF29258B06E}"
EndProject
Global
	GlobalSection(SolutionConfigurationPlatforms) = preSolution
		Debug|Any CPU = Debug|Any CPU
		Release|Any CPU = Release|Any CPU
	EndGlobalSection
	GlobalSection(ProjectConfigurationPlatforms) = postSolution
		{B8C3E3CC-F194-4624-BB3B-7BCB6F8EE61A}.Debug|Any CPU.ActiveCfg = Debug|Any CPU
		{B8C3E3CC-F194-4624-BB3B-7BCB6F8EE61A}.Debug|Any CPU.Build.0 = Debug|Any CPU
		{B8C3E3CC-F194-4624-BB3B-7BCB6F8EE61A}.Release|Any CPU.ActiveCfg = Release|Any CPU
		{B8C3E3CC-F194-4624-BB3B-7BCB6F8EE61A}.Release|Any CPU.Build.0 = Release|Any CPU
		{E83515ED-A604-4787-860B-7E614A246068}.Debug|Any CPU.ActiveCfg = Debug|Any CPU
		{E83515ED-A604-4787-860B-7E614A246068}.Debug|Any CPU.Build.0 = Debug|Any CPU
		{E83515ED-A604-4787-860B-7E614A246068}.Release|Any CPU.ActiveCfg = Release|Any CPU
		{E83515ED-A604-4787-860B-7E614A246068}.Release|Any CPU.Build.0 = Release|Any CPU
		{CA39816C-6FF1-4F3C-B9A6-8DF29258B06E}.Debug|Any CPU.ActiveCfg = Debug|Any CPU
		{CA39816C-6FF1-4F3C-B9A6-8DF29258B06E}.Debug|Any CPU.Build.0 = Debug|Any CPU
		{CA39816C-6FF1-4F3C-B9A6-8DF29258B06E}.Release|Any CPU.ActiveCfg = Release|Any CPU
		{CA39816C-6FF1-4F3C-B9A6-8DF29258B06E}.Release|Any CPU.Build.0 = Release|Any CPU
	EndGlobalSection
	GlobalSection(SolutionProperties) = preSolution
		HideSolutionNode = FALSE
	EndGlobalSection
	GlobalSection(ExtensibilityGlobals) = postSolution
		SolutionGuid = {9713D8B0-5290-4EC3-AF16-9E15834D5C85}
	EndGlobalSection
EndGlobal
